{
  "name": "openmlr-frontend",
  "version": "0.5.0",
  "lockfileVersion": 3,
  "requires": true,
  "packages": {
    "": {
      "name": "openmlr-frontend",
      "version": "0.5.0",
      "dependencies": {
        "@monaco-editor/react": "^4.7.0",
        "@xterm/addon-fit": "^0.11.0",
        "@xterm/addon-web-links": "^0.12.0",
        "@xterm/xterm": "^6.0.0",
        "lucide-react": "^1.11.0",
        "react": "^19.0.0",
        "react-dom": "^19.0.0",
        "react-markdown": "^10.0.0",
        "react-router-dom": "^7.14.2",
        "remark-gfm": "^4.0.0"
      },
      "devDependencies": {
        "@eslint/js": "^10.0.1",
        "@tailwindcss/postcss": "^4.2.4",
        "@testing-library/jest-dom": "^6.9.1",
        "@testing-library/react": "^16.3.2",
        "@testing-library/user-event": "^14.6.1",
        "@types/react": "^19.0.0",
        "@types/react-dom": "^19.0.0",
        "@vitejs/plugin-react": "^4.3.0",
        "autoprefixer": "^10.5.0",
        "eslint": "^10.2.1",
        "eslint-plugin-react-hooks": "^7.1.1",
        "eslint-plugin-react-refresh": "^0.5.2",
        "globals": "^17.5.0",
        "jsdom": "^29.0.2",
        "postcss": "^8.5.12",
        "tailwindcss": "^4.2.4",
        "typescript": "^5.6.0",
        "typescript-eslint": "^8.59.0",
        "vite": "^6.0.0",
        "vitest": "^4.1.5"
      }
    },
    "../node_modules/.pnpm/@eslint+js@10.0.1_eslint@10.2.1_jiti@2.6.1_/node_modules/@eslint/js": {
      "version": "10.0.1",
      "dev": true,
      "license": "MIT",
      "engines": {
        "node": "^20.19.0 || ^22.13.0 || >=24"
      },
      "funding": {
        "url": "https://eslint.org/donate"
      },
      "peerDependencies": {
        "eslint": "^10.0.0"
      },
      "peerDependenciesMeta": {
        "eslint": {
          "optional": true
        }
      }
    },
    "../node_modules/.pnpm/@monaco-editor+react@4.7.0_monaco-editor@0.55.1_react-dom@19.2.5_react@19.2.5__react@19.2.5/node_modules/@monaco-editor/react": {
      "version": "4.7.0",
      "license": "MIT",
      "dependencies": {
        "@monaco-editor/loader": "^1.5.0"
      },
      "devDependencies": {
        "@testing-library/jest-dom": "^5.16.5",
        "@testing-library/react": "^14.0.0",
        "@typescript-eslint/eslint-plugin": "^5.54.0",
        "@typescript-eslint/parser": "^5.54.0",
        "eslint": "^8.35.0",
        "eslint-plugin-import": "^2.27.5",
        "eslint-plugin-jsx-a11y": "6.7.1",
        "eslint-plugin-react": "7.32.2",
        "eslint-plugin-react-hooks": "4.6.0",
        "husky": "^4.2.3",
        "prettier": "^2.8.7",
        "react": "^18.2.0",
        "react-dom": "^18.2.0",
        "tsup": "^6.7.0",
        "typescript": "^4.9.5",
        "vitest": "^0.29.2"
      },
      "peerDependencies": {
        "monaco-editor": ">= 0.25.0 < 1",
        "react": "^16.8.0 || ^17.0.0 || ^18.0.0 || ^19.0.0",
        "react-dom": "^16.8.0 || ^17.0.0 || ^18.0.0 || ^19.0.0"
      }
    },
    "../node_modules/.pnpm/@tailwindcss+postcss@4.2.4/node_modules/@tailwindcss/postcss": {
      "version": "4.2.4",
      "dev": true,
      "license": "MIT",
      "dependencies": {
        "@alloc/quick-lru": "^5.2.0",
        "@tailwindcss/node": "4.2.4",
        "@tailwindcss/oxide": "4.2.4",
        "postcss": "^8.5.6",
        "tailwindcss": "4.2.4"
      },
      "devDependencies": {
        "@types/node": "^20.19.0",
        "@types/postcss-import": "14.0.3",
        "dedent": "1.7.1",
        "internal-example-plugin": "0.0.0",
        "postcss-import": "^16.1.1"
      }
    },
    "../node_modules/.pnpm/@testing-library+jest-dom@6.9.1/node_modules/@testing-library/jest-dom": {
      "version": "6.9.1",
      "dev": true,
      "license": "MIT",
      "dependencies": {
        "@adobe/css-tools": "^4.4.0",
        "aria-query": "^5.0.0",
        "css.escape": "^1.5.1",
        "dom-accessibility-api": "^0.6.3",
        "picocolors": "^1.1.1",
        "redent": "^3.0.0"
      },
      "devDependencies": {
        "@jest/globals": "^29.6.2",
        "@rollup/plugin-commonjs": "^25.0.4",
        "@types/bun": "latest",
        "@types/web": "latest",
        "expect": "^29.6.2",
        "jest-environment-jsdom-sixteen": "^1.0.3",
        "jest-watch-select-projects": "^2.0.0",
        "jsdom": "^16.2.1",
        "kcd-scripts": "^14.0.0",
        "pretty-format": "^25.1.0",
        "rollup": "^3.28.1",
        "rollup-plugin-delete": "^2.0.0",
        "typescript": "^5.1.6",
        "vitest": "^0.34.1"
      },
      "engines": {
        "node": ">=14",
        "npm": ">=6",
        "yarn": ">=1"
      }
    },
    "../node_modules/.pnpm/@testing-library+react@16.3.2_@testing-library+dom@10.4.1_@types+react-dom@19.2.3_@type_42bd4be5b674570827b99e11cad0b44b/node_modules/@testing-library/react": {
      "version": "16.3.2",
      "dev": true,
      "license": "MIT",
      "dependencies": {
        "@babel/runtime": "^7.12.5"
      },
      "devDependencies": {
        "@testing-library/dom": "^10.0.0",
        "@testing-library/jest-dom": "^5.11.6",
        "@types/react": "^19.0.0",
        "@types/react-dom": "^19.0.0",
        "chalk": "^4.1.2",
        "dotenv-cli": "^4.0.0",
        "jest-diff": "^29.7.0",
        "kcd-scripts": "^13.0.0",
        "npm-run-all2": "^6.2.6",
        "react": "^19.0.0",
        "react-dom": "^19.0.0",
        "rimraf": "^3.0.2",
        "typescript": "^5.9.3"
      },
      "engines": {
        "node": ">=18"
      },
      "peerDependencies": {
        "@testing-library/dom": "^10.0.0",
        "@types/react": "^18.0.0 || ^19.0.0",
        "@types/react-dom": "^18.0.0 || ^19.0.0",
        "react": "^18.0.0 || ^19.0.0",
        "react-dom": "^18.0.0 || ^19.0.0"
      },
      "peerDependenciesMeta": {
        "@types/react": {
          "optional": true
        },
        "@types/react-dom": {
          "optional": true
        }
      }
    },
    "../node_modules/.pnpm/@testing-library+user-event@14.6.1_@testing-library+dom@10.4.1/node_modules/@testing-library/user-event": {
      "version": "14.6.1",
      "dev": true,
      "license": "MIT",
      "devDependencies": {
        "@esbuild-plugins/node-modules-polyfill": "^0.2.2",
        "@ph.fritsche/scripts-config": "^2.4.0",
        "@ph.fritsche/toolbox": "^1.0.0-alpha.11",
        "@testing-library/dom": "^10.4.0",
        "@testing-library/jest-dom": "^5.16.3",
        "@testing-library/react": "^16.1.0",
        "@types/jest-in-case": "^1.0.3",
        "@types/react": "^18.0.25",
        "@types/sinonjs__fake-timers": "^8.1.2",
        "css.escape": "^1.5.1",
        "esbuild": "^0.19.10",
        "esbuild-plugin-globals": "^0.2.0",
        "eslint-import-resolver-typescript": "^3.5.2",
        "eslint-plugin-local-rules": "^1.3.2",
        "expect": "^28.1.3",
        "is-ci": "^3.0.1",
        "istanbul-lib-coverage": "^3.2.0",
        "istanbul-lib-report": "^3.0.0",
        "istanbul-lib-source-maps": "^4.0.1",
        "istanbul-reports": "^3.1.5",
        "jest-in-case": "^1.0.2",
        "jest-mock": "^28.1.3",
        "jest-serializer-ansi": "^1.0.3",
        "jsdom": "^20.0.3",
        "kcd-scripts": "^12.1.0",
        "react": "^18.0.0",
        "react-dom": "^18.0.0",
        "shared-scripts": "^1.5.1",
        "ts-node": "^10.9.1",
        "typescript": "^4.9.3"
      },
      "engines": {
        "node": ">=12",
        "npm": ">=6"
      },
      "peerDependencies": {
        "@testing-library/dom": ">=7.21.4"
      }
    },
    "../node_modules/.pnpm/@types+react-dom@19.2.3_@types+react@19.2.14/node_modules/@types/react-dom": {
      "version": "19.2.3",
      "dev": true,
      "license": "MIT",
      "peerDependencies": {
        "@types/react": "^19.2.0"
      }
    },
    "../node_modules/.pnpm/@types+react@19.2.14/node_modules/@types/react": {
      "version": "19.2.14",
      "dev": true,
      "license": "MIT",
      "dependencies": {
        "csstype": "^3.2.2"
      }
    },
    "../node_modules/.pnpm/@vitejs+plugin-react@4.7.0_vite@6.4.2_jiti@2.6.1_lightningcss@1.32.0_/node_modules/@vitejs/plugin-react": {
      "version": "4.7.0",
      "dev": true,
      "license": "MIT",
      "dependencies": {
        "@babel/core": "^7.28.0",
        "@babel/plugin-transform-react-jsx-self": "^7.27.1",
        "@babel/plugin-transform-react-jsx-source": "^7.27.1",
        "@rolldown/pluginutils": "1.0.0-beta.27",
        "@types/babel__core": "^7.20.5",
        "react-refresh": "^0.17.0"
      },
      "devDependencies": {
        "@vitejs/react-common": "workspace:*",
        "babel-plugin-react-compiler": "19.1.0-rc.2",
        "react": "^19.1.0",
        "react-dom": "^19.1.0",
        "rolldown": "1.0.0-beta.27",
        "tsdown": "^0.12.9",
        "vitest": "^3.2.4"
      },
      "engines": {
        "node": "^14.18.0 || >=16.0.0"
      },
      "peerDependencies": {
        "vite": "^4.2.0 || ^5.0.0 || ^6.0.0 || ^7.0.0"
      }
    },
    "../node_modules/.pnpm/@xterm+addon-fit@0.11.0/node_modules/@xterm/addon-fit": {
      "version": "0.11.0",
      "license": "MIT"
    },
    "../node_modules/.pnpm/@xterm+addon-web-links@0.12.0/node_modules/@xterm/addon-web-links": {
      "version": "0.12.0",
      "license": "MIT"
    },
    "../node_modules/.pnpm/@xterm+xterm@6.0.0/node_modules/@xterm/xterm": {
      "version": "6.0.0",
      "license": "MIT",
      "workspaces": [
        "addons/*"
      ],
      "devDependencies": {
        "@lunapaint/png-codec": "^0.2.0",
        "@playwright/test": "^1.37.1",
        "@stylistic/eslint-plugin": "^2.3.0",
        "@types/chai": "^4.2.22",
        "@types/debug": "^4.1.7",
        "@types/deep-equal": "^1.0.1",
        "@types/express": "4",
        "@types/express-ws": "^3.0.1",
        "@types/jsdom": "^16.2.13",
        "@types/mocha": "^9.0.0",
        "@types/node": "^18.16.0",
        "@types/trusted-types": "^1.0.6",
        "@types/utf8": "^3.0.0",
        "@types/webpack": "^5.28.0",
        "@types/ws": "^8.2.0",
        "@typescript-eslint/eslint-plugin": "^6.2.00",
        "@typescript-eslint/parser": "^6.2.00",
        "chai": "^4.3.4",
        "cross-env": "^7.0.3",
        "deep-equal": "^2.0.5",
        "esbuild": "~0.25.2",
        "eslint": "^8.56.0",
        "eslint-plugin-jsdoc": "^46.9.1",
        "express": "^4.19.2",
        "express-ws": "^5.0.2",
        "jsdom": "^18.0.1",
        "mocha": "^10.1.0",
        "mustache": "^4.2.0",
        "node-pty": "1.1.0-beta19",
        "nyc": "^15.1.0",
        "source-map-loader": "^3.0.0",
        "source-map-support": "^0.5.20",
        "ts-loader": "^9.3.1",
        "typescript": "5.5",
        "utf8": "^3.0.0",
        "webpack": "^5.61.0",
        "webpack-cli": "^4.9.1",
        "ws": "^8.2.3",
        "xterm-benchmark": "^0.3.1"
      }
    },
    "../node_modules/.pnpm/autoprefixer@10.5.0_postcss@8.5.12/node_modules/autoprefixer": {
      "version": "10.5.0",
      "dev": true,
      "funding": [
        {
          "type": "opencollective",
          "url": "https://opencollective.com/postcss/"
        },
        {
          "type": "tidelift",
          "url": "https://tidelift.com/funding/github/npm/autoprefixer"
        },
        {
          "type": "github",
          "url": "https://github.com/sponsors/ai"
        }
      ],
      "license": "MIT",
      "dependencies": {
        "browserslist": "^4.28.2",
        "caniuse-lite": "^1.0.30001787",
        "fraction.js": "^5.3.4",
        "picocolors": "^1.1.1",
        "postcss-value-parser": "^4.2.0"
      },
      "bin": {
        "autoprefixer": "bin/autoprefixer"
      },
      "engines": {
        "node": "^10 || ^12 || >=14"
      },
      "peerDependencies": {
        "postcss": "^8.1.0"
      }
    },
    "../node_modules/.pnpm/eslint-plugin-react-hooks@7.1.1_eslint@10.2.1_jiti@2.6.1_/node_modules/eslint-plugin-react-hooks": {
      "version": "7.1.1",
      "dev": true,
      "license": "MIT",
      "dependencies": {
        "@babel/core": "^7.24.4",
        "@babel/parser": "^7.24.4",
        "hermes-parser": "^0.25.1",
        "zod": "^3.25.0 || ^4.0.0",
        "zod-validation-error": "^3.5.0 || ^4.0.0"
      },
      "devDependencies": {
        "@babel/eslint-parser": "^7.11.4",
        "@babel/preset-typescript": "^7.26.0",
        "@babel/types": "^7.19.0",
        "@tsconfig/strictest": "^2.0.5",
        "@types/eslint": "^9.6.1",
        "@types/estree": "^1.0.6",
        "@types/estree-jsx": "^1.0.5",
        "@types/node": "^20.2.5",
        "@typescript-eslint/parser-v2": "npm:@typescript-eslint/parser@^2.26.0",
        "@typescript-eslint/parser-v3": "npm:@typescript-eslint/parser@^3.10.0",
        "@typescript-eslint/parser-v4": "npm:@typescript-eslint/parser@^4.1.0",
        "@typescript-eslint/parser-v5": "npm:@typescript-eslint/parser@^5.62.0",
        "babel-eslint": "^10.0.3",
        "eslint-v7": "npm:eslint@^7.7.0",
        "eslint-v8": "npm:eslint@^8.57.1",
        "eslint-v9": "npm:eslint@^9.0.0",
        "jest": "^29.5.0",
        "typescript": "^5.4.3"
      },
      "engines": {
        "node": ">=18"
      },
      "peerDependencies": {
        "eslint": "^3.0.0 || ^4.0.0 || ^5.0.0 || ^6.0.0 || ^7.0.0 || ^8.0.0-0 || ^9.0.0 || ^10.0.0"
      }
    },
    "../node_modules/.pnpm/eslint-plugin-react-refresh@0.5.2_eslint@10.2.1_jiti@2.6.1_/node_modules/eslint-plugin-react-refresh": {
      "version": "0.5.2",
      "dev": true,
      "license": "MIT",
      "peerDependencies": {
        "eslint": "^9 || ^10"
      }
    },
    "../node_modules/.pnpm/eslint@10.2.1_jiti@2.6.1/node_modules/eslint": {
      "version": "10.2.1",
      "dev": true,
      "license": "MIT",
      "dependencies": {
        "@eslint-community/eslint-utils": "^4.8.0",
        "@eslint-community/regexpp": "^4.12.2",
        "@eslint/config-array": "^0.23.5",
        "@eslint/config-helpers": "^0.5.5",
        "@eslint/core": "^1.2.1",
        "@eslint/plugin-kit": "^0.7.1",
        "@humanfs/node": "^0.16.6",
        "@humanwhocodes/module-importer": "^1.0.1",
        "@humanwhocodes/retry": "^0.4.2",
        "@types/estree": "^1.0.6",
        "ajv": "^6.14.0",
        "cross-spawn": "^7.0.6",
        "debug": "^4.3.2",
        "escape-string-regexp": "^4.0.0",
        "eslint-scope": "^9.1.2",
        "eslint-visitor-keys": "^5.0.1",
        "espree": "^11.2.0",
        "esquery": "^1.7.0",
        "esutils": "^2.0.2",
        "fast-deep-equal": "^3.1.3",
        "file-entry-cache": "^8.0.0",
        "find-up": "^5.0.0",
        "glob-parent": "^6.0.2",
        "ignore": "^5.2.0",
        "imurmurhash": "^0.1.4",
        "is-glob": "^4.0.0",
        "json-stable-stringify-without-jsonify": "^1.0.1",
        "minimatch": "^10.2.4",
        "natural-compare": "^1.4.0",
        "optionator": "^0.9.3"
      },
      "bin": {
        "eslint": "bin/eslint.js"
      },
      "devDependencies": {
        "@arethetypeswrong/cli": "^0.18.0",
        "@babel/core": "^7.4.3",
        "@babel/preset-env": "^7.4.3",
        "@cypress/webpack-preprocessor": "^6.0.2",
        "@eslint/eslintrc": "^3.3.5",
        "@eslint/json": "^1.2.0",
        "@types/esquery": "^1.5.4",
        "@types/node": "^22.13.14",
        "@typescript-eslint/parser": "^8.56.0",
        "babel-loader": "^8.0.5",
        "c8": "^11.0.0",
        "chai": "^4.0.1",
        "cheerio": "^0.22.0",
        "common-tags": "^1.8.0",
        "core-js": "^3.1.3",
        "cypress": "^14.1.0",
        "ejs": "^3.0.2",
        "eslint": "file:.",
        "eslint-config-eslint": "file:packages/eslint-config-eslint",
        "eslint-plugin-eslint-plugin": "^7.3.2",
        "eslint-plugin-expect-type": "^0.6.0",
        "eslint-plugin-yml": "^1.14.0",
        "eslint-release": "^3.3.0",
        "eslint-rule-extender": "^0.0.1",
        "eslump": "^3.0.0",
        "esprima": "^4.0.1",
        "fs-teardown": "^0.1.3",
        "glob": "^10.0.0",
        "globals": "^16.2.0",
        "got": "^11.8.3",
        "gray-matter": "^4.0.3",
        "jiti": "^2.6.1",
        "knip": "^5.60.2",
        "lint-staged": "^11.0.0",
        "markdown-it": "^12.2.0",
        "markdown-it-container": "^3.0.0",
        "markdownlint-cli2": "^0.22.0",
        "marked": "^4.0.8",
        "metascraper": "^5.25.7",
        "metascraper-description": "^5.25.7",
        "metascraper-image": "^5.29.3",
        "metascraper-logo": "^5.25.7",
        "metascraper-logo-favicon": "^5.25.7",
        "metascraper-title": "^5.25.7",
        "mocha": "^11.7.1",
        "node-polyfill-webpack-plugin": "^1.0.3",
        "npm-license": "^0.3.3",
        "prettier": "3.8.2",
        "progress": "^2.0.3",
        "proxyquire": "^2.0.1",
        "recast": "^0.23.0",
        "regenerator-runtime": "^0.14.0",
        "semver": "^7.5.3",
        "shelljs": "^0.10.0",
        "sinon": "^11.0.0",
        "typescript": "^5.9.3",
        "webpack": "^5.23.0",
        "webpack-cli": "^4.5.0",
        "yorkie": "^2.0.0"
      },
      "engines": {
        "node": "^20.19.0 || ^22.13.0 || >=24"
      },
      "funding": {
        "url": "https://eslint.org/donate"
      },
      "peerDependencies": {
        "jiti": "*"
      },
      "peerDependenciesMeta": {
        "jiti": {
          "optional": true
        }
      }
    },
    "../node_modules/.pnpm/globals@17.5.0/node_modules/globals": {
      "version": "17.5.0",
      "dev": true,
      "license": "MIT",
      "devDependencies": {
        "@vitest/eslint-plugin": "^1.1.44",
        "ava": "^6.3.0",
        "cheerio": "^1.0.0",
        "eslint-plugin-jest": "^28.11.0",
        "get-port": "^7.1.0",
        "is-identifier": "^1.0.1",
        "nano-spawn": "^0.2.0",
        "npm-run-all2": "^8.0.1",
        "outdent": "^0.8.0",
        "puppeteer": "^24.40.0",
        "shelljs": "^0.9.2",
        "tsd": "^0.32.0",
        "type-fest": "^4.41.0",
        "xo": "^0.60.0"
      },
      "engines": {
        "node": ">=18"
      },
      "funding": {
        "url": "https://github.com/sponsors/sindresorhus"
      }
    },
    "../node_modules/.pnpm/jsdom@29.0.2/node_modules/jsdom": {
      "version": "29.0.2",
      "dev": true,
      "license": "MIT",
      "dependencies": {
        "@asamuzakjp/css-color": "^5.1.5",
        "@asamuzakjp/dom-selector": "^7.0.6",
        "@bramus/specificity": "^2.4.2",
        "@csstools/css-syntax-patches-for-csstree": "^1.1.1",
        "@exodus/bytes": "^1.15.0",
        "css-tree": "^3.2.1",
        "data-urls": "^7.0.0",
        "decimal.js": "^10.6.0",
        "html-encoding-sniffer": "^6.0.0",
        "is-potential-custom-element-name": "^1.0.1",
        "lru-cache": "^11.2.7",
        "parse5": "^8.0.0",
        "saxes": "^6.0.0",
        "symbol-tree": "^3.2.4",
        "tough-cookie": "^6.0.1",
        "undici": "^7.24.5",
        "w3c-xmlserializer": "^5.0.0",
        "webidl-conversions": "^8.0.1",
        "whatwg-mimetype": "^5.0.0",
        "whatwg-url": "^16.0.1",
        "xml-name-validator": "^5.0.0"
      },
      "devDependencies": {
        "@domenic/eslint-config": "^5.1.0",
        "@stylistic/eslint-plugin": "^5.10.0",
        "@webref/css": "^8.5.0",
        "eslint": "^10.0.3",
        "eslint-plugin-html": "^8.1.4",
        "eslint-plugin-n": "^17.24.0",
        "globals": "^17.4.0",
        "js-yaml": "^4.1.1",
        "minimatch": "^10.2.4",
        "mocha": "^11.7.5",
        "mocha-sugar-free": "^1.4.0",
        "npm-run-all2": "^8.0.4",
        "opener": "^1.5.2",
        "pngjs": "^7.0.0",
        "semver": "^7.7.4",
        "server-destroy": "^1.0.1",
        "tinybench": "^6.0.0",
        "webidl2": "^24.5.0",
        "webidl2js": "^19.1.0",
        "wireit": "^0.14.12"
      },
      "engines": {
        "node": "^20.19.0 || ^22.13.0 || >=24.0.0"
      },
      "peerDependencies": {
        "canvas": "^3.0.0"
      },
      "peerDependenciesMeta": {
        "canvas": {
          "optional": true
        }
      }
    },
    "../node_modules/.pnpm/lucide-react@1.11.0_react@19.2.5/node_modules/lucide-react": {
      "version": "1.11.0",
      "license": "ISC",
      "devDependencies": {
        "@lucide/build-icons": "1.1.0",
        "@lucide/rollup-plugins": "1.0.0",
        "@lucide/shared": "1.0.0",
        "@testing-library/jest-dom": "^6.8.0",
        "@testing-library/react": "^14.1.2",
        "@types/react": "^18.2.37",
        "@vitejs/plugin-react": "^4.6.0",
        "jest-serializer-html": "^7.1.0",
        "react": "18.2.0",
        "react-dom": "18.2.0",
        "rollup": "^4.59.0",
        "rollup-plugin-dts": "^6.2.3",
        "rollup-plugin-preserve-directives": "^0.4.0",
        "typescript": "^5.8.3",
        "vite": "^7.2.4"
      },
      "peerDependencies": {
        "react": "^16.5.1 || ^17.0.0 || ^18.0.0 || ^19.0.0"
      }
    },
    "../node_modules/.pnpm/postcss@8.5.12/node_modules/postcss": {
      "version": "8.5.12",
      "dev": true,
      "funding": [
        {
          "type": "opencollective",
          "url": "https://opencollective.com/postcss/"
        },
        {
          "type": "tidelift",
          "url": "https://tidelift.com/funding/github/npm/postcss"
        },
        {
          "type": "github",
          "url": "https://github.com/sponsors/ai"
        }
      ],
      "license": "MIT",
      "dependencies": {
        "nanoid": "^3.3.11",
        "picocolors": "^1.1.1",
        "source-map-js": "^1.2.1"
      },
      "engines": {
        "node": "^10 || ^12 || >=14"
      }
    },
    "../node_modules/.pnpm/react-dom@19.2.5_react@19.2.5/node_modules/react-dom": {
      "version": "19.2.5",
      "license": "MIT",
      "dependencies": {
        "scheduler": "^0.27.0"
      },
      "peerDependencies": {
        "react": "^19.2.5"
      }
    },
    "../node_modules/.pnpm/react-markdown@10.1.0_@types+react@19.2.14_react@19.2.5/node_modules/react-markdown": {
      "version": "10.1.0",
      "license": "MIT",
      "dependencies": {
        "@types/hast": "^3.0.0",
        "@types/mdast": "^4.0.0",
        "devlop": "^1.0.0",
        "hast-util-to-jsx-runtime": "^2.0.0",
        "html-url-attributes": "^3.0.0",
        "mdast-util-to-hast": "^13.0.0",
        "remark-parse": "^11.0.0",
        "remark-rehype": "^11.0.0",
        "unified": "^11.0.0",
        "unist-util-visit": "^5.0.0",
        "vfile": "^6.0.0"
      },
      "devDependencies": {
        "@testing-library/react": "^16.0.0",
        "@types/node": "^22.0.0",
        "@types/react": "^19.0.0",
        "@types/react-dom": "^19.0.0",
        "c8": "^10.0.0",
        "concat-stream": "^2.0.0",
        "esbuild": "^0.25.0",
        "eslint-plugin-react": "^7.0.0",
        "global-jsdom": "^26.0.0",
        "prettier": "^3.0.0",
        "react": "^19.0.0",
        "react-dom": "^19.0.0",
        "rehype-raw": "^7.0.0",
        "rehype-starry-night": "^2.0.0",
        "remark-cli": "^12.0.0",
        "remark-gfm": "^4.0.0",
        "remark-preset-wooorm": "^11.0.0",
        "remark-toc": "^9.0.0",
        "type-coverage": "^2.0.0",
        "typescript": "^5.0.0",
        "xo": "^0.60.0"
      },
      "funding": {
        "type": "opencollective",
        "url": "https://opencollective.com/unified"
      },
      "peerDependencies": {
        "@types/react": ">=18",
        "react": ">=18"
      }
    },
    "../node_modules/.pnpm/react-router-dom@7.14.2_react-dom@19.2.5_react@19.2.5__react@19.2.5/node_modules/react-router-dom": {
      "version": "7.14.2",
      "license": "MIT",
      "dependencies": {
        "react-router": "7.14.2"
      },
      "devDependencies": {
        "react": "^19.2.3",
        "react-dom": "^19.2.3",
        "tsup": "^8.3.0",
        "typescript": "^5.4.5",
        "wireit": "0.14.9"
      },
      "engines": {
        "node": ">=20.0.0"
      },
      "peerDependencies": {
        "react": ">=18",
        "react-dom": ">=18"
      }
    },
    "../node_modules/.pnpm/react@19.2.5/node_modules/react": {
      "version": "19.2.5",
      "license": "MIT",
      "engines": {
        "node": ">=0.10.0"
      }
    },
    "../node_modules/.pnpm/remark-gfm@4.0.1/node_modules/remark-gfm": {
      "version": "4.0.1",
      "license": "MIT",
      "dependencies": {
        "@types/mdast": "^4.0.0",
        "mdast-util-gfm": "^3.0.0",
        "micromark-extension-gfm": "^3.0.0",
        "remark-parse": "^11.0.0",
        "remark-stringify": "^11.0.0",
        "unified": "^11.0.0"
      },
      "devDependencies": {
        "@types/node": "^22.0.0",
        "c8": "^10.0.0",
        "is-hidden": "^2.0.0",
        "prettier": "^3.0.0",
        "remark": "^15.0.0",
        "remark-cli": "^12.0.0",
        "remark-preset-wooorm": "^11.0.0",
        "string-width": "^6.0.0",
        "to-vfile": "^8.0.0",
        "type-coverage": "^2.0.0",
        "typescript": "^5.0.0",
        "xo": "^0.60.0"
      },
      "funding": {
        "type": "opencollective",
        "url": "https://opencollective.com/unified"
      }
    },
    "../node_modules/.pnpm/tailwindcss@4.2.4/node_modules/tailwindcss": {
      "version": "4.2.4",
      "dev": true,
      "license": "MIT",
      "devDependencies": {
        "@jridgewell/remapping": "^2.3.5",
        "@tailwindcss/oxide": "^4.2.4",
        "@types/node": "^20.19.0",
        "dedent": "1.7.1",
        "lightningcss": "1.32.0",
        "magic-string": "^0.30.21",
        "source-map-js": "^1.2.1"
      }
    },
    "../node_modules/.pnpm/typescript-eslint@8.59.0_eslint@10.2.1_jiti@2.6.1__typescript@5.9.3/node_modules/typescript-eslint": {
      "version": "8.59.0",
      "dev": true,
      "license": "MIT",
      "dependencies": {
        "@typescript-eslint/eslint-plugin": "8.59.0",
        "@typescript-eslint/parser": "8.59.0",
        "@typescript-eslint/typescript-estree": "8.59.0",
        "@typescript-eslint/utils": "8.59.0"
      },
      "devDependencies": {
        "@vitest/coverage-v8": "^4.0.18",
        "eslint": "^10.0.0",
        "rimraf": "^5.0.10",
        "typescript": ">=4.8.4 <6.1.0",
        "vitest": "^4.0.18"
      },
      "engines": {
        "node": "^18.18.0 || ^20.9.0 || >=21.1.0"
      },
      "funding": {
        "type": "opencollective",
        "url": "https://opencollective.com/typescript-eslint"
      },
      "peerDependencies": {
        "eslint": "^8.57.0 || ^9.0.0 || ^10.0.0",
        "typescript": ">=4.8.4 <6.1.0"
      }
    },
    "../node_modules/.pnpm/typescript@5.9.3/node_modules/typescript": {
      "version": "5.9.3",
      "dev": true,
      "license": "Apache-2.0",
      "bin": {
        "tsc": "bin/tsc",
        "tsserver": "bin/tsserver"
      },
      "devDependencies": {
        "@dprint/formatter": "^0.4.1",
        "@dprint/typescript": "0.93.4",
        "@esfx/canceltoken": "^1.0.0",
        "@eslint/js": "^9.20.0",
        "@octokit/rest": "^21.1.1",
        "@types/chai": "^4.3.20",
        "@types/diff": "^7.0.1",
        "@types/minimist": "^1.2.5",
        "@types/mocha": "^10.0.10",
        "@types/ms": "^0.7.34",
        "@types/node": "latest",
        "@types/source-map-support": "^0.5.10",
        "@types/which": "^3.0.4",
        "@typescript-eslint/rule-tester": "^8.24.1",
        "@typescript-eslint/type-utils": "^8.24.1",
        "@typescript-eslint/utils": "^8.24.1",
        "azure-devops-node-api": "^14.1.0",
        "c8": "^10.1.3",
        "chai": "^4.5.0",
        "chokidar": "^4.0.3",
        "diff": "^7.0.0",
        "dprint": "^0.49.0",
        "esbuild": "^0.25.0",
        "eslint": "^9.20.1",
        "eslint-formatter-autolinkable-stylish": "^1.4.0",
        "eslint-plugin-regexp": "^2.7.0",
        "fast-xml-parser": "^4.5.2",
        "glob": "^10.4.5",
        "globals": "^15.15.0",
        "hereby": "^1.10.0",
        "jsonc-parser": "^3.3.1",
        "knip": "^5.44.4",
        "minimist": "^1.2.8",
        "mocha": "^10.8.2",
        "mocha-fivemat-progress-reporter": "^0.1.0",
        "monocart-coverage-reports": "^2.12.1",
        "ms": "^2.1.3",
        "picocolors": "^1.1.1",
        "playwright": "^1.50.1",
        "source-map-support": "^0.5.21",
        "tslib": "^2.8.1",
        "typescript": "^5.7.3",
        "typescript-eslint": "^8.24.1",
        "which": "^3.0.1"
      },
      "engines": {
        "node": ">=14.17"
      }
    },
    "../node_modules/.pnpm/vite@6.4.2_jiti@2.6.1_lightningcss@1.32.0/node_modules/vite": {
      "version": "6.4.2",
      "dev": true,
      "license": "MIT",
      "dependencies": {
        "esbuild": "^0.25.0",
        "fdir": "^6.4.4",
        "picomatch": "^4.0.2",
        "postcss": "^8.5.3",
        "rollup": "^4.34.9",
        "tinyglobby": "^0.2.13"
      },
      "bin": {
        "vite": "bin/vite.js"
      },
      "devDependencies": {
        "@ampproject/remapping": "^2.3.0",
        "@babel/parser": "^7.27.0",
        "@jridgewell/trace-mapping": "^0.3.25",
        "@polka/compression": "^1.0.0-next.25",
        "@rollup/plugin-alias": "^5.1.1",
        "@rollup/plugin-commonjs": "^28.0.3",
        "@rollup/plugin-dynamic-import-vars": "2.1.4",
        "@rollup/plugin-json": "^6.1.0",
        "@rollup/plugin-node-resolve": "16.0.1",
        "@rollup/pluginutils": "^5.1.4",
        "@types/escape-html": "^1.0.4",
        "@types/pnpapi": "^0.0.5",
        "artichokie": "^0.3.1",
        "cac": "^6.7.14",
        "chokidar": "^3.6.0",
        "connect": "^3.7.0",
        "convert-source-map": "^2.0.0",
        "cors": "^2.8.5",
        "cross-spawn": "^7.0.6",
        "debug": "^4.4.0",
        "dep-types": "link:./src/types",
        "dotenv": "^16.5.0",
        "dotenv-expand": "^12.0.2",
        "es-module-lexer": "^1.6.0",
        "escape-html": "^1.0.3",
        "estree-walker": "^3.0.3",
        "etag": "^1.8.1",
        "http-proxy": "^1.18.1",
        "launch-editor-middleware": "^2.10.0",
        "lightningcss": "^1.29.3",
        "magic-string": "^0.30.17",
        "mlly": "^1.7.4",
        "mrmime": "^2.0.1",
        "nanoid": "^5.1.5",
        "open": "^10.1.1",
        "parse5": "^7.2.1",
        "pathe": "^2.0.3",
        "periscopic": "^4.0.2",
        "picocolors": "^1.1.1",
        "postcss-import": "^16.1.0",
        "postcss-load-config": "^6.0.1",
        "postcss-modules": "^6.0.1",
        "resolve.exports": "^2.0.3",
        "rollup-plugin-dts": "^6.2.1",
        "rollup-plugin-esbuild": "^6.2.1",
        "rollup-plugin-license": "^3.6.0",
        "sass": "^1.86.3",
        "sass-embedded": "^1.86.3",
        "sirv": "^3.0.2",
        "source-map-support": "^0.5.21",
        "strip-literal": "^3.0.0",
        "terser": "^5.39.0",
        "tsconfck": "^3.1.5",
        "tslib": "^2.8.1",
        "types": "link:./types",
        "ufo": "^1.6.1",
        "ws": "^8.18.1"
      },
      "engines": {
        "node": "^18.0.0 || ^20.0.0 || >=22.0.0"
      },
      "funding": {
        "url": "https://github.com/vitejs/vite?sponsor=1"
      },
      "optionalDependencies": {
        "fsevents": "~2.3.3"
      },
      "peerDependencies": {
        "@types/node": "^18.0.0 || ^20.0.0 || >=22.0.0",
        "jiti": ">=1.21.0",
        "less": "*",
        "lightningcss": "^1.21.0",
        "sass": "*",
        "sass-embedded": "*",
        "stylus": "*",
        "sugarss": "*",
        "terser": "^5.16.0",
        "tsx": "^4.8.1",
        "yaml": "^2.4.2"
      },
      "peerDependenciesMeta": {
        "@types/node": {
          "optional": true
        },
        "jiti": {
          "optional": true
        },
        "less": {
          "optional": true
        },
        "lightningcss": {
          "optional": true
        },
        "sass": {
          "optional": true
        },
        "sass-embedded": {
          "optional": true
        },
        "stylus": {
          "optional": true
        },
        "sugarss": {
          "optional": true
        },
        "terser": {
          "optional": true
        },
        "tsx": {
          "optional": true
        },
        "yaml": {
          "optional": true
        }
      }
    },
    "../node_modules/.pnpm/vitest@4.1.5_jsdom@29.0.2_vite@6.4.2_jiti@2.6.1_lightningcss@1.32.0_/node_modules/vitest": {
      "version": "4.1.5",
      "dev": true,
      "license": "MIT",
      "dependencies": {
        "@vitest/expect": "4.1.5",
        "@vitest/mocker": "4.1.5",
        "@vitest/pretty-format": "4.1.5",
        "@vitest/runner": "4.1.5",
        "@vitest/snapshot": "4.1.5",
        "@vitest/spy": "4.1.5",
        "@vitest/utils": "4.1.5",
        "es-module-lexer": "^2.0.0",
        "expect-type": "^1.3.0",
        "magic-string": "^0.30.21",
        "obug": "^2.1.1",
        "pathe": "^2.0.3",
        "picomatch": "^4.0.3",
        "std-env": "^4.0.0-rc.1",
        "tinybench": "^2.9.0",
        "tinyexec": "^1.0.2",
        "tinyglobby": "^0.2.15",
        "tinyrainbow": "^3.1.0",
        "vite": "^6.0.0 || ^7.0.0 || ^8.0.0",
        "why-is-node-running": "^2.3.0"
      },
      "bin": {
        "vitest": "vitest.mjs"
      },
      "devDependencies": {
        "@antfu/install-pkg": "^1.1.0",
        "@bomb.sh/tab": "^0.0.14",
        "@edge-runtime/vm": "^5.0.0",
        "@jridgewell/trace-mapping": "0.3.31",
        "@opentelemetry/api": "^1.9.0",
        "@sinonjs/fake-timers": "15.0.0",
        "@types/estree": "^1.0.8",
        "@types/istanbul-lib-coverage": "^2.0.6",
        "@types/istanbul-reports": "^3.0.4",
        "@types/jsdom": "^27.0.0",
        "@types/node": "^24.12.0",
        "@types/picomatch": "^4.0.2",
        "@types/prompts": "^2.4.9",
        "@types/sinonjs__fake-timers": "^15.0.1",
        "acorn": "8.11.3",
        "acorn-walk": "^8.3.5",
        "birpc": "^4.0.0",
        "cac": "^6.7.14",
        "empathic": "^2.0.0",
        "flatted": "^3.4.2",
        "happy-dom": "^20.8.3",
        "jsdom": "^27.4.0",
        "local-pkg": "^1.1.2",
        "mime": "^4.1.0",
        "prompts": "^2.4.2",
        "strip-literal": "^3.1.0",
        "tinyhighlight": "^0.3.2",
        "ws": "^8.19.0"
      },
      "engines": {
        "node": "^20.0.0 || ^22.0.0 || >=24.0.0"
      },
      "funding": {
        "url": "https://opencollective.com/vitest"
      },
      "peerDependencies": {
        "@edge-runtime/vm": "*",
        "@opentelemetry/api": "^1.9.0",
        "@types/node": "^20.0.0 || ^22.0.0 || >=24.0.0",
        "@vitest/browser-playwright": "4.1.5",
        "@vitest/browser-preview": "4.1.5",
        "@vitest/browser-webdriverio": "4.1.5",
        "@vitest/coverage-istanbul": "4.1.5",
        "@vitest/coverage-v8": "4.1.5",
        "@vitest/ui": "4.1.5",
        "happy-dom": "*",
        "jsdom": "*",
        "vite": "^6.0.0 || ^7.0.0 || ^8.0.0"
      },
      "peerDependenciesMeta": {
        "@edge-runtime/vm": {
          "optional": true
        },
        "@opentelemetry/api": {
          "optional": true
        },
        "@types/node": {
          "optional": true
        },
        "@vitest/browser-playwright": {
          "optional": true
        },
        "@vitest/browser-preview": {
          "optional": true
        },
        "@vitest/browser-webdriverio": {
          "optional": true
        },
        "@vitest/coverage-istanbul": {
          "optional": true
        },
        "@vitest/coverage-v8": {
          "optional": true
        },
        "@vitest/ui": {
          "optional": true
        },
        "happy-dom": {
          "optional": true
        },
        "jsdom": {
          "optional": true
        },
        "vite": {
          "optional": false
        }
      }
    },
    "node_modules/@eslint/js": {
      "resolved": "../node_modules/.pnpm/@eslint+js@10.0.1_eslint@10.2.1_jiti@2.6.1_/node_modules/@eslint/js",
      "link": true
    },
    "node_modules/@monaco-editor/react": {
      "resolved": "../node_modules/.pnpm/@monaco-editor+react@4.7.0_monaco-editor@0.55.1_react-dom@19.2.5_react@19.2.5__react@19.2.5/node_modules/@monaco-editor/react",
      "link": true
    },
    "node_modules/@tailwindcss/postcss": {
      "resolved": "../node_modules/.pnpm/@tailwindcss+postcss@4.2.4/node_modules/@tailwindcss/postcss",
      "link": true
    },
    "node_modules/@testing-library/jest-dom": {
      "resolved": "../node_modules/.pnpm/@testing-library+jest-dom@6.9.1/node_modules/@testing-library/jest-dom",
      "link": true
    },
    "node_modules/@testing-library/react": {
      "resolved": "../node_modules/.pnpm/@testing-library+react@16.3.2_@testing-library+dom@10.4.1_@types+react-dom@19.2.3_@type_42bd4be5b674570827b99e11cad0b44b/node_modules/@testing-library/react",
      "link": true
    },
    "node_modules/@testing-library/user-event": {
      "resolved": "../node_modules/.pnpm/@testing-library+user-event@14.6.1_@testing-library+dom@10.4.1/node_modules/@testing-library/user-event",
      "link": true
    },
    "node_modules/@types/react": {
      "resolved": "../node_modules/.pnpm/@types+react@19.2.14/node_modules/@types/react",
      "link": true
    },
    "node_modules/@types/react-dom": {
      "resolved": "../node_modules/.pnpm/@types+react-dom@19.2.3_@types+react@19.2.14/node_modules/@types/react-dom",
      "link": true
    },
    "node_modules/@vitejs/plugin-react": {
      "resolved": "../node_modules/.pnpm/@vitejs+plugin-react@4.7.0_vite@6.4.2_jiti@2.6.1_lightningcss@1.32.0_/node_modules/@vitejs/plugin-react",
      "link": true
    },
    "node_modules/@xterm/addon-fit": {
      "resolved": "../node_modules/.pnpm/@xterm+addon-fit@0.11.0/node_modules/@xterm/addon-fit",
      "link": true
    },
    "node_modules/@xterm/addon-web-links": {
      "resolved": "../node_modules/.pnpm/@xterm+addon-web-links@0.12.0/node_modules/@xterm/addon-web-links",
      "link": true
    },
    "node_modules/@xterm/xterm": {
      "resolved": "../node_modules/.pnpm/@xterm+xterm@6.0.0/node_modules/@xterm/xterm",
      "link": true
    },
    "node_modules/autoprefixer": {
      "resolved": "../node_modules/.pnpm/autoprefixer@10.5.0_postcss@8.5.12/node_modules/autoprefixer",
      "link": true
    },
    "node_modules/eslint": {
      "resolved": "../node_modules/.pnpm/eslint@10.2.1_jiti@2.6.1/node_modules/eslint",
      "link": true
    },
    "node_modules/eslint-plugin-react-hooks": {
      "resolved": "../node_modules/.pnpm/eslint-plugin-react-hooks@7.1.1_eslint@10.2.1_jiti@2.6.1_/node_modules/eslint-plugin-react-hooks",
      "link": true
    },
    "node_modules/eslint-plugin-react-refresh": {
      "resolved": "../node_modules/.pnpm/eslint-plugin-react-refresh@0.5.2_eslint@10.2.1_jiti@2.6.1_/node_modules/eslint-plugin-react-refresh",
      "link": true
    },
    "node_modules/globals": {
      "resolved": "../node_modules/.pnpm/globals@17.5.0/node_modules/globals",
      "link": true
    },
    "node_modules/jsdom": {
      "resolved": "../node_modules/.pnpm/jsdom@29.0.2/node_modules/jsdom",
      "link": true
    },
    "node_modules/lucide-react": {
      "resolved": "../node_modules/.pnpm/lucide-react@1.11.0_react@19.2.5/node_modules/lucide-react",
      "link": true
    },
    "node_modules/postcss": {
      "resolved": "../node_modules/.pnpm/postcss@8.5.12/node_modules/postcss",
      "link": true
    },
    "node_modules/react": {
      "resolved": "../node_modules/.pnpm/react@19.2.5/node_modules/react",
      "link": true
    },
    "node_modules/react-dom": {
      "resolved": "../node_modules/.pnpm/react-dom@19.2.5_react@19.2.5/node_modules/react-dom",
      "link": true
    },
    "node_modules/react-markdown": {
      "resolved": "../node_modules/.pnpm/react-markdown@10.1.0_@types+react@19.2.14_react@19.2.5/node_modules/react-markdown",
      "link": true
    },
    "node_modules/react-router-dom": {
      "resolved": "../node_modules/.pnpm/react-router-dom@7.14.2_react-dom@19.2.5_react@19.2.5__react@19.2.5/node_modules/react-router-dom",
      "link": true
    },
    "node_modules/remark-gfm": {
      "resolved": "../node_modules/.pnpm/remark-gfm@4.0.1/node_modules/remark-gfm",
      "link": true
    },
    "node_modules/tailwindcss": {
      "resolved": "../node_modules/.pnpm/tailwindcss@4.2.4/node_modules/tailwindcss",
      "link": true
    },
    "node_modules/typescript": {
      "resolved": "../node_modules/.pnpm/typescript@5.9.3/node_modules/typescript",
      "link": true
    },
    "node_modules/typescript-eslint": {
      "resolved": "../node_modules/.pnpm/typescript-eslint@8.59.0_eslint@10.2.1_jiti@2.6.1__typescript@5.9.3/node_modules/typescript-eslint",
      "link": true
    },
    "node_modules/vite": {
      "resolved": "../node_modules/.pnpm/vite@6.4.2_jiti@2.6.1_lightningcss@1.32.0/node_modules/vite",
      "link": true
    },
    "node_modules/vitest": {
      "resolved": "../node_modules/.pnpm/vitest@4.1.5_jsdom@29.0.2_vite@6.4.2_jiti@2.6.1_lightningcss@1.32.0_/node_modules/vitest",
      "link": true
    }
  }
}
